<?xml version="1.0" encoding="utf-8"?>
<Project ToolsVersion="4.0" xmlns="http://schemas.microsoft.com/developer/msbuild/2003">
  <ItemGroup>
    <Filter Include="Source Files">
      <UniqueIdentifier>{4FC737F1-C7A5-4376-A066-2A32D752A2FF}</UniqueIdentifier>
      <Extensions>cpp;c;cc;cxx;def;odl;idl;hpj;bat;asm;asmx</Extensions>
    </Filter>
    <Filter Include="Header Files">
      <UniqueIdentifier>{93995380-89BD-4b04-88EB-625FBE52EBFB}</UniqueIdentifier>
      <Extensions>h;hh;hpp;hxx;hm;inl;inc;xsd</Extensions>
    </Filter>
    <Filter Include="Resource Files">
      <UniqueIdentifier>{67DA6AB6-F800-4c08-8B7A-83BB121AAD01}</UniqueIdentifier>
      <Extensions>rc;ico;cur;bmp;dlg;rc2;rct;bin;rgs;gif;jpg;jpeg;jpe;resx;tiff;tif;png;wav</Extensions>
    </Filter>
  </ItemGroup>
  <ItemGroup>
    <ClCompile Include="zzalog\src\about_dialog.cpp">
      <Filter>Source Files</Filter>
    </ClCompile>
    <ClCompile Include="zzalog\src\adi_reader.cpp">
      <Filter>Source Files</Filter>
    </ClCompile>
    <ClCompile Include="zzalog\src\adi_writer.cpp">
      <Filter>Source Files</Filter>
    </ClCompile>
    <ClCompile Include="zzalog\src\adx_reader.cpp">
      <Filter>Source Files</Filter>
    </ClCompile>
    <ClCompile Include="zzalog\src\adx_writer.cpp">
      <Filter>Source Files</Filter>
    </ClCompile>
    <ClCompile Include="zzalog\src\band_view.cpp">
      <Filter>Source Files</Filter>
    </ClCompile>
    <ClCompile Include="zzalog\src\book.cpp">
      <Filter>Source Files</Filter>
    </ClCompile>
    <ClCompile Include="zzalog\src\calendar.cpp">
      <Filter>Source Files</Filter>
    </ClCompile>
    <ClCompile Include="zzalog\src\change_dialog.cpp">
      <Filter>Source Files</Filter>
    </ClCompile>
    <ClCompile Include="zzalog\src\config_tree.cpp">
      <Filter>Source Files</Filter>
    </ClCompile>
    <ClCompile Include="zzalog\src\corr_dialog.cpp">
      <Filter>Source Files</Filter>
    </ClCompile>
    <ClCompile Include="zzalog\src\eqsl_handler.cpp">
      <Filter>Source Files</Filter>
    </ClCompile>
    <ClCompile Include="zzalog\src\extract_data.cpp">
      <Filter>Source Files</Filter>
    </ClCompile>
    <ClCompile Include="zzalog\src\fields_dialog.cpp">
      <Filter>Source Files</Filter>
    </ClCompile>
    <ClCompile Include="zzalog\src\field_choice.cpp">
      <Filter>Source Files</Filter>
    </ClCompile>
    <ClCompile Include="zzalog\src\files_dialog.cpp">
      <Filter>Source Files</Filter>
    </ClCompile>
    <ClCompile Include="zzalog\src\import_data.cpp">
      <Filter>Source Files</Filter>
    </ClCompile>
    <ClCompile Include="zzalog\src\intl_dialog.cpp">
      <Filter>Source Files</Filter>
    </ClCompile>
    <ClCompile Include="zzalog\src\log_table.cpp">
      <Filter>Source Files</Filter>
    </ClCompile>
    <ClCompile Include="zzalog\src\lotw_handler.cpp">
      <Filter>Source Files</Filter>
    </ClCompile>
    <ClCompile Include="zzalog\src\main.cpp">
      <Filter>Source Files</Filter>
    </ClCompile>
    <ClCompile Include="zzalog\src\menu.cpp">
      <Filter>Source Files</Filter>
    </ClCompile>
    <ClCompile Include="zzalog\src\printer.cpp">
      <Filter>Source Files</Filter>
    </ClCompile>
    <ClCompile Include="zzalog\src\record.cpp">
      <Filter>Source Files</Filter>
    </ClCompile>
    <ClCompile Include="zzalog\src\record_table.cpp">
      <Filter>Source Files</Filter>
    </ClCompile>
    <ClCompile Include="zzalog\src\report_tree.cpp">
      <Filter>Source Files</Filter>
    </ClCompile>
    <ClCompile Include="zzalog\src\search_dialog.cpp">
      <Filter>Source Files</Filter>
    </ClCompile>
    <ClCompile Include="zzalog\src\settings.cpp">
      <Filter>Source Files</Filter>
    </ClCompile>
    <ClCompile Include="zzalog\src\specx_reader.cpp">
      <Filter>Source Files</Filter>
    </ClCompile>
    <ClCompile Include="zzalog\src\spec_data.cpp">
      <Filter>Source Files</Filter>
    </ClCompile>
    <ClCompile Include="zzalog\src\spec_tree.cpp">
      <Filter>Source Files</Filter>
    </ClCompile>
    <ClCompile Include="zzalog\src\status.cpp">
      <Filter>Source Files</Filter>
    </ClCompile>
    <ClCompile Include="zzalog\src\qso_manager.cpp">
      <Filter>Source Files</Filter>
    </ClCompile>
    <ClCompile Include="zzalog\src\tabbed_forms.cpp">
      <Filter>Source Files</Filter>
    </ClCompile>
    <ClCompile Include="zzalog\src\toolbar.cpp">
      <Filter>Source Files</Filter>
    </ClCompile>
    <ClCompile Include="zzalog\src\tsv_writer.cpp">
      <Filter>Source Files</Filter>
    </ClCompile>
    <ClCompile Include="zzalog\src\view.cpp">
      <Filter>Source Files</Filter>
    </ClCompile>
    <ClCompile Include="zzalog\src\web_dialog.cpp">
      <Filter>Source Files</Filter>
    </ClCompile>
    <ClCompile Include="zzalog\src\qsl_form.cpp">
      <Filter>Source Files</Filter>
    </ClCompile>
    <ClCompile Include="zzalog\src\intl_widgets.cpp">
      <Filter>Source Files</Filter>
    </ClCompile>
    <ClCompile Include="zzalog\src\qrz_handler.cpp">
      <Filter>Source Files</Filter>
    </ClCompile>
    <ClCompile Include="zzalog\src\club_handler.cpp">
      <Filter>Source Files</Filter>
    </ClCompile>
    <ClCompile Include="zzalog\src\cty_data.cpp">
      <Filter>Source Files</Filter>
    </ClCompile>
    <ClCompile Include="zzalog\src\cty_reader.cpp">
      <Filter>Source Files</Filter>
    </ClCompile>
    <ClCompile Include="zzalog\src\user_dialog.cpp">
      <Filter>Source Files</Filter>
    </ClCompile>
    <ClCompile Include="zzalog\src\wsjtx_handler.cpp">
      <Filter>Source Files</Filter>
    </ClCompile>
    <ClCompile Include="zzalog\src\fllog_emul.cpp">
      <Filter>Source Files</Filter>
    </ClCompile>
    <ClCompile Include="zzalog\src\main_window.cpp">
      <Filter>Source Files</Filter>
    </ClCompile>
    <ClCompile Include="zzalog\src\qth_dialog.cpp">
      <Filter>Source Files</Filter>
    </ClCompile>
    <ClCompile Include="zzalog\src\alarm_dial.cpp">
      <Filter>Source Files</Filter>
    </ClCompile>
    <ClCompile Include="zzalog\src\qsl_html_view.cpp">
      <Filter>Source Files</Filter>
    </ClCompile>
    <ClCompile Include="zzalog\src\page_dialog.cpp">
      <Filter>Source Files</Filter>
    </ClCompile>
    <ClCompile Include="zzalog\src\rig_if.cpp">
      <Filter>Source Files</Filter>
    </ClCompile>
    <ClCompile Include="zzalog\src\rpc_data_item.cpp">
      <Filter>Source Files</Filter>
    </ClCompile>
    <ClCompile Include="zzalog\src\rpc_handler.cpp">
      <Filter>Source Files</Filter>
    </ClCompile>
    <ClCompile Include="zzalog\src\serial.cpp">
      <Filter>Source Files</Filter>
    </ClCompile>
    <ClCompile Include="zzalog\src\socket_server.cpp">
      <Filter>Source Files</Filter>
    </ClCompile>
    <ClCompile Include="zzalog\src\url_handler.cpp">
      <Filter>Source Files</Filter>
    </ClCompile>
    <ClCompile Include="zzalog\src\utils.cpp">
      <Filter>Source Files</Filter>
    </ClCompile>
    <ClCompile Include="zzalog\src\win_dialog.cpp">
      <Filter>Source Files</Filter>
    </ClCompile>
    <ClCompile Include="zzalog\src\xml_element.cpp">
      <Filter>Source Files</Filter>
    </ClCompile>
    <ClCompile Include="zzalog\src\xml_reader.cpp">
      <Filter>Source Files</Filter>
    </ClCompile>
    <ClCompile Include="zzalog\src\xml_writer.cpp">
      <Filter>Source Files</Filter>
    </ClCompile>
    <ClCompile Include="zzalog\src\qsl_design.cpp">
      <Filter>Source Files</Filter>
    </ClCompile>
    <ClCompile Include="zzalog\src\qso_rig.cpp">
      <Filter>Source Files</Filter>
    </ClCompile>
    <ClCompile Include="zzalog\src\qso_clock.cpp">
      <Filter>Source Files</Filter>
    </ClCompile>
    <ClCompile Include="zzalog\src\qso_data.cpp">
      <Filter>Source Files</Filter>
    </ClCompile>
    <ClCompile Include="zzalog\src\qso_entry.cpp">
      <Filter>Source Files</Filter>
    </ClCompile>
    <ClCompile Include="zzalog\src\qso_query.cpp">
      <Filter>Source Files</Filter>
    </ClCompile>
    <ClCompile Include="zzalog\src\qso_buttons.cpp">
      <Filter>Source Files</Filter>
    </ClCompile>
    <ClCompile Include="zzalog\src\qso_tabbed_rigs.cpp">
      <Filter>Source Files</Filter>
    </ClCompile>
    <ClCompile Include="zzalog\src\qso_net_entry.cpp">
      <Filter>Source Files</Filter>
    </ClCompile>
    <ClCompile Include="zzalog\src\qso_qth.cpp">
      <Filter>Source Files</Filter>
    </ClCompile>
    <ClCompile Include="zzalog\src\qso_tabbed_qth.cpp">
      <Filter>Source Files</Filter>
    </ClCompile>
    <ClCompile Include="zzalog\src\qso_misc.cpp">
      <Filter>Source Files</Filter>
    </ClCompile>
    <ClCompile Include="zzalog\src\qso_details.cpp">
      <Filter>Source Files</Filter>
    </ClCompile>
    <ClCompile Include="zzalog\src\qso_dxcc.cpp">
      <Filter>Source Files</Filter>
    </ClCompile>
    <ClCompile Include="zzalog\src\qso_log_info.cpp">
      <Filter>Source Files</Filter>
    </ClCompile>
    <ClCompile Include="zzalog\src\qso_log.cpp">
      <Filter>Source Files</Filter>
    </ClCompile>
    <ClCompile Include="zzalog\src\qso_clocks.cpp">
      <Filter>Source Files</Filter>
    </ClCompile>
    <ClCompile Include="zzalog\src\qso_qsl.cpp">
      <Filter>Source Files</Filter>
    </ClCompile>
    <ClCompile Include="zzalog\src\band_data.cpp">
      <Filter>Source Files</Filter>
    </ClCompile>
    <ClCompile Include="zzalog\src\qso_qsl_vwr.cpp">
      <Filter>Source Files</Filter>
    </ClCompile>
    <ClCompile Include="zzalog\src\dxa_if.cpp">
      <Filter>Source Files</Filter>
    </ClCompile>
    <ClCompile Include="zzalog\src\qso_server.cpp">
      <Filter>Source Files</Filter>
    </ClCompile>
  </ItemGroup>
  <ItemGroup>
    <ClInclude Include="zzalog\include\about_dialog.h">
      <Filter>Header Files</Filter>
    </ClInclude>
    <ClInclude Include="zzalog\include\adi_reader.h">
      <Filter>Header Files</Filter>
    </ClInclude>
    <ClInclude Include="zzalog\include\adi_writer.h">
      <Filter>Header Files</Filter>
    </ClInclude>
    <ClInclude Include="zzalog\include\adx_reader.h">
      <Filter>Header Files</Filter>
    </ClInclude>
    <ClInclude Include="zzalog\include\adx_writer.h">
      <Filter>Header Files</Filter>
    </ClInclude>
    <ClInclude Include="zzalog\include\band_view.h">
      <Filter>Header Files</Filter>
    </ClInclude>
    <ClInclude Include="zzalog\include\book.h">
      <Filter>Header Files</Filter>
    </ClInclude>
    <ClInclude Include="zzalog\include\calendar.h">
      <Filter>Header Files</Filter>
    </ClInclude>
    <ClInclude Include="zzalog\include\change_dialog.h">
      <Filter>Header Files</Filter>
    </ClInclude>
    <ClInclude Include="zzalog\include\config_tree.h">
      <Filter>Header Files</Filter>
    </ClInclude>
    <ClInclude Include="zzalog\include\corr_dialog.h">
      <Filter>Header Files</Filter>
    </ClInclude>
    <ClInclude Include="zzalog\include\eqsl_handler.h">
      <Filter>Header Files</Filter>
    </ClInclude>
    <ClInclude Include="zzalog\include\extract_data.h">
      <Filter>Header Files</Filter>
    </ClInclude>
    <ClInclude Include="zzalog\include\fields.h">
      <Filter>Header Files</Filter>
    </ClInclude>
    <ClInclude Include="zzalog\include\fields_dialog.h">
      <Filter>Header Files</Filter>
    </ClInclude>
    <ClInclude Include="zzalog\include\field_choice.h">
      <Filter>Header Files</Filter>
    </ClInclude>
    <ClInclude Include="zzalog\include\files.h">
      <Filter>Header Files</Filter>
    </ClInclude>
    <ClInclude Include="zzalog\include\files_dialog.h">
      <Filter>Header Files</Filter>
    </ClInclude>
    <ClInclude Include="zzalog\include\icons.h">
      <Filter>Header Files</Filter>
    </ClInclude>
    <ClInclude Include="zzalog\include\import_data.h">
      <Filter>Header Files</Filter>
    </ClInclude>
    <ClInclude Include="zzalog\include\intl_dialog.h">
      <Filter>Header Files</Filter>
    </ClInclude>
    <ClInclude Include="zzalog\include\log_table.h">
      <Filter>Header Files</Filter>
    </ClInclude>
    <ClInclude Include="zzalog\include\lotw_handler.h">
      <Filter>Header Files</Filter>
    </ClInclude>
    <ClInclude Include="zzalog\include\menu.h">
      <Filter>Header Files</Filter>
    </ClInclude>
    <ClInclude Include="zzalog\include\pfx_data.old.h">
      <Filter>Header Files</Filter>
    </ClInclude>
    <ClInclude Include="zzalog\include\prefix.h">
      <Filter>Header Files</Filter>
    </ClInclude>
    <ClInclude Include="zzalog\include\printer.h">
      <Filter>Header Files</Filter>
    </ClInclude>
    <ClInclude Include="zzalog\include\record.h">
      <Filter>Header Files</Filter>
    </ClInclude>
    <ClInclude Include="zzalog\include\record_table.h">
      <Filter>Header Files</Filter>
    </ClInclude>
    <ClInclude Include="zzalog\include\report_tree.h">
      <Filter>Header Files</Filter>
    </ClInclude>
    <ClInclude Include="zzalog\include\search.h">
      <Filter>Header Files</Filter>
    </ClInclude>
    <ClInclude Include="zzalog\include\search_dialog.h">
      <Filter>Header Files</Filter>
    </ClInclude>
    <ClInclude Include="zzalog\include\settings.h">
      <Filter>Header Files</Filter>
    </ClInclude>
    <ClInclude Include="zzalog\include\specx_reader.h">
      <Filter>Header Files</Filter>
    </ClInclude>
    <ClInclude Include="zzalog\include\spec_data.h">
      <Filter>Header Files</Filter>
    </ClInclude>
    <ClInclude Include="zzalog\include\spec_tree.h">
      <Filter>Header Files</Filter>
    </ClInclude>
    <ClInclude Include="zzalog\include\status.h">
      <Filter>Header Files</Filter>
    </ClInclude>
    <ClInclude Include="zzalog\include\qso_manager.h">
      <Filter>Header Files</Filter>
    </ClInclude>
    <ClInclude Include="zzalog\include\tabbed_forms.h">
      <Filter>Header Files</Filter>
    </ClInclude>
    <ClInclude Include="zzalog\include\toolbar.h">
      <Filter>Header Files</Filter>
    </ClInclude>
    <ClInclude Include="zzalog\include\tsv_writer.h">
      <Filter>Header Files</Filter>
    </ClInclude>
    <ClInclude Include="zzalog\include\view.h">
      <Filter>Header Files</Filter>
    </ClInclude>
    <ClInclude Include="zzalog\include\web_dialog.h">
      <Filter>Header Files</Filter>
    </ClInclude>
    <ClInclude Include="zzalog\include\qsl_form.h">
      <Filter>Header Files</Filter>
    </ClInclude>
    <ClInclude Include="zzalog\include\intl_widgets.h">
      <Filter>Header Files</Filter>
    </ClInclude>
    <ClInclude Include="zzalog\include\club_handler.h">
      <Filter>Header Files</Filter>
    </ClInclude>
    <ClInclude Include="zzalog\include\cty_data.h">
      <Filter>Header Files</Filter>
    </ClInclude>
    <ClInclude Include="zzalog\include\cty_reader.h">
      <Filter>Header Files</Filter>
    </ClInclude>
    <ClInclude Include="zzalog\include\edit_input.h">
      <Filter>Header Files</Filter>
    </ClInclude>
    <ClInclude Include="zzalog\include\user_dialog.h">
      <Filter>Header Files</Filter>
    </ClInclude>
    <ClInclude Include="zzalog\include\wsjtx_handler.h">
      <Filter>Header Files</Filter>
    </ClInclude>
    <ClInclude Include="zzalog\include\fllog_emul.h">
      <Filter>Header Files</Filter>
    </ClInclude>
    <ClInclude Include="zzalog\include\main_window.h">
      <Filter>Header Files</Filter>
    </ClInclude>
    <ClInclude Include="zzalog\include\qth_dialog.h">
      <Filter>Header Files</Filter>
    </ClInclude>
    <ClInclude Include="zzalog\include\alarm_dial.h">
      <Filter>Header Files</Filter>
    </ClInclude>
    <ClInclude Include="zzalog\include\qsl_html_view.h">
      <Filter>Header Files</Filter>
    </ClInclude>
    <ClInclude Include="packages\pthreads.2.9.1.4\build\native\include\pthread.h">
      <Filter>Header Files</Filter>
    </ClInclude>
    <ClInclude Include="zzalog\include\callback.h">
      <Filter>Header Files</Filter>
    </ClInclude>
    <ClInclude Include="zzalog\include\formats.h">
      <Filter>Header Files</Filter>
    </ClInclude>
    <ClInclude Include="zzalog\include\page_dialog.h">
      <Filter>Header Files</Filter>
    </ClInclude>
    <ClInclude Include="zzalog\include\rig_if.h">
      <Filter>Header Files</Filter>
    </ClInclude>
    <ClInclude Include="zzalog\include\rpc_data_item.h">
      <Filter>Header Files</Filter>
    </ClInclude>
    <ClInclude Include="zzalog\include\rpc_handler.h">
      <Filter>Header Files</Filter>
    </ClInclude>
    <ClInclude Include="zzalog\include\serial.h">
      <Filter>Header Files</Filter>
    </ClInclude>
    <ClInclude Include="zzalog\include\socket_server.h">
      <Filter>Header Files</Filter>
    </ClInclude>
    <ClInclude Include="zzalog\include\url_handler.h">
      <Filter>Header Files</Filter>
    </ClInclude>
    <ClInclude Include="zzalog\include\utils.h">
      <Filter>Header Files</Filter>
    </ClInclude>
    <ClInclude Include="zzalog\include\win_dialog.h">
      <Filter>Header Files</Filter>
    </ClInclude>
    <ClInclude Include="zzalog\include\xml_element.h">
      <Filter>Header Files</Filter>
    </ClInclude>
    <ClInclude Include="zzalog\include\xml_reader.h">
      <Filter>Header Files</Filter>
    </ClInclude>
    <ClInclude Include="zzalog\include\xml_writer.h">
      <Filter>Header Files</Filter>
    </ClInclude>
    <ClInclude Include="zzalog\include\qsl_design.h">
      <Filter>Header Files</Filter>
    </ClInclude>
    <ClInclude Include="zzalog\include\qso_rig.h">
      <Filter>Header Files</Filter>
    </ClInclude>
    <ClInclude Include="zzalog\include\qso_clock.h">
      <Filter>Header Files</Filter>
    </ClInclude>
    <ClInclude Include="zzalog\include\qso_data.h">
      <Filter>Header Files</Filter>
    </ClInclude>
    <ClInclude Include="zzalog\include\qso_entry.h">
      <Filter>Header Files</Filter>
    </ClInclude>
    <ClInclude Include="zzalog\include\qso_query.h">
      <Filter>Header Files</Filter>
    </ClInclude>
    <ClInclude Include="zzalog\include\qso_buttons.h">
      <Filter>Header Files</Filter>
    </ClInclude>
    <ClInclude Include="zzalog\include\qso_tabbed_rigs.h">
      <Filter>Header Files</Filter>
    </ClInclude>
    <ClInclude Include="zzalog\include\qso_net_entry.h">
      <Filter>Header Files</Filter>
    </ClInclude>
    <ClInclude Include="zzalog\include\qso_qth.h">
      <Filter>Header Files</Filter>
    </ClInclude>
    <ClInclude Include="zzalog\include\drawing.h">
      <Filter>Header Files</Filter>
    </ClInclude>
    <ClInclude Include="zzalog\include\qso_tabbed_qth.h">
      <Filter>Header Files</Filter>
    </ClInclude>
    <ClInclude Include="zzalog\include\qso_misc.h">
      <Filter>Header Files</Filter>
    </ClInclude>
    <ClInclude Include="zzalog\include\qso_details.h">
      <Filter>Header Files</Filter>
    </ClInclude>
    <ClInclude Include="zzalog\include\qso_dxcc.h">
      <Filter>Header Files</Filter>
    </ClInclude>
    <ClInclude Include="zzalog\include\qso_log_info.h">
      <Filter>Header Files</Filter>
    </ClInclude>
    <ClInclude Include="zzalog\include\qso_log.h">
      <Filter>Header Files</Filter>
    </ClInclude>
    <ClInclude Include="zzalog\include\qso_clocks.h">
      <Filter>Header Files</Filter>
    </ClInclude>
    <ClInclude Include="zzalog\include\qso_qsl.h">
      <Filter>Header Files</Filter>
    </ClInclude>
    <ClInclude Include="zzalog\include\band_data.h">
      <Filter>Header Files</Filter>
    </ClInclude>
    <ClInclude Include="zzalog\include\qso_qsl_vwr.h">
      <Filter>Header Files</Filter>
    </ClInclude>
    <ClInclude Include="zzalog\include\dxa_if.h">
      <Filter>Header Files</Filter>
    </ClInclude>
    <ClInclude Include="zzalog\include\regices.h">
      <Filter>Header Files</Filter>
    </ClInclude>
    <ClInclude Include="zzalog\include\qso_server.h">
      <Filter>Header Files</Filter>
    </ClInclude>
  </ItemGroup>
  <ItemGroup>
    <None Include="reference\Prefix.lst" />
    <None Include="zzalog\Makefile" />
  </ItemGroup>
  <ItemGroup>
    <Image Include="zzalog\zzalog.ico">
      <Filter>Resource Files</Filter>
    </Image>
  </ItemGroup>
</Project>