<?xml version="1.0" encoding="utf-8"?>
<Project ToolsVersion="4.0" xmlns="http://schemas.microsoft.com/developer/msbuild/2003">
  <ItemGroup>
    <Filter Include="Source Files">
      <UniqueIdentifier>{4FC737F1-C7A5-4376-A066-2A32D752A2FF}</UniqueIdentifier>
      <Extensions>cpp;c;cc;cxx;def;odl;idl;hpj;bat;asm;asmx</Extensions>
    </Filter>
    <Filter Include="Header Files">
      <UniqueIdentifier>{93995380-89BD-4b04-88EB-625FBE52EBFB}</UniqueIdentifier>
      <Extensions>h;hh;hpp;hxx;hm;inl;inc;xsd</Extensions>
    </Filter>
    <Filter Include="Resource Files">
      <UniqueIdentifier>{67DA6AB6-F800-4c08-8B7A-83BB121AAD01}</UniqueIdentifier>
      <Extensions>rc;ico;cur;bmp;dlg;rc2;rct;bin;rgs;gif;jpg;jpeg;jpe;resx;tiff;tif;png;wav</Extensions>
    </Filter>
  </ItemGroup>
  <ItemGroup>
    <ClCompile Include="zzalog\about_dialog.cpp">
      <Filter>Source Files</Filter>
    </ClCompile>
    <ClCompile Include="zzalog\adi_reader.cpp">
      <Filter>Source Files</Filter>
    </ClCompile>
    <ClCompile Include="zzalog\adi_writer.cpp">
      <Filter>Source Files</Filter>
    </ClCompile>
    <ClCompile Include="zzalog\adx_reader.cpp">
      <Filter>Source Files</Filter>
    </ClCompile>
    <ClCompile Include="zzalog\adx_writer.cpp">
      <Filter>Source Files</Filter>
    </ClCompile>
    <ClCompile Include="zzalog\band_view.cpp">
      <Filter>Source Files</Filter>
    </ClCompile>
    <ClCompile Include="zzalog\book.cpp">
      <Filter>Source Files</Filter>
    </ClCompile>
    <ClCompile Include="zzalog\calendar.cpp">
      <Filter>Source Files</Filter>
    </ClCompile>
    <ClCompile Include="zzalog\change_dialog.cpp">
      <Filter>Source Files</Filter>
    </ClCompile>
    <ClCompile Include="zzalog\config_tree.cpp">
      <Filter>Source Files</Filter>
    </ClCompile>
    <ClCompile Include="zzalog\corr_dialog.cpp">
      <Filter>Source Files</Filter>
    </ClCompile>
    <ClCompile Include="zzalog\dxa_if.cpp">
      <Filter>Source Files</Filter>
    </ClCompile>
    <ClCompile Include="zzalog\edit_dialog.cpp">
      <Filter>Source Files</Filter>
    </ClCompile>
    <ClCompile Include="zzalog\eqsl_handler.cpp">
      <Filter>Source Files</Filter>
    </ClCompile>
    <ClCompile Include="zzalog\extract_data.cpp">
      <Filter>Source Files</Filter>
    </ClCompile>
    <ClCompile Include="zzalog\fields_dialog.cpp">
      <Filter>Source Files</Filter>
    </ClCompile>
    <ClCompile Include="zzalog\field_choice.cpp">
      <Filter>Source Files</Filter>
    </ClCompile>
    <ClCompile Include="zzalog\files_dialog.cpp">
      <Filter>Source Files</Filter>
    </ClCompile>
    <ClCompile Include="zzalog\import_data.cpp">
      <Filter>Source Files</Filter>
    </ClCompile>
    <ClCompile Include="zzalog\intl_dialog.cpp">
      <Filter>Source Files</Filter>
    </ClCompile>
    <ClCompile Include="zzalog\log_table.cpp">
      <Filter>Source Files</Filter>
    </ClCompile>
    <ClCompile Include="zzalog\lotw_handler.cpp">
      <Filter>Source Files</Filter>
    </ClCompile>
    <ClCompile Include="zzalog\main.cpp">
      <Filter>Source Files</Filter>
    </ClCompile>
    <ClCompile Include="zzalog\menu.cpp">
      <Filter>Source Files</Filter>
    </ClCompile>
    <ClCompile Include="zzalog\page_dialog.cpp">
      <Filter>Source Files</Filter>
    </ClCompile>
    <ClCompile Include="zzalog\pfx_data.cpp">
      <Filter>Source Files</Filter>
    </ClCompile>
    <ClCompile Include="zzalog\pfx_dialog.cpp">
      <Filter>Source Files</Filter>
    </ClCompile>
    <ClCompile Include="zzalog\pfx_reader.cpp">
      <Filter>Source Files</Filter>
    </ClCompile>
    <ClCompile Include="zzalog\pfx_tree.cpp">
      <Filter>Source Files</Filter>
    </ClCompile>
    <ClCompile Include="zzalog\printer.cpp">
      <Filter>Source Files</Filter>
    </ClCompile>
    <ClCompile Include="zzalog\record.cpp">
      <Filter>Source Files</Filter>
    </ClCompile>
    <ClCompile Include="zzalog\record_form.cpp">
      <Filter>Source Files</Filter>
    </ClCompile>
    <ClCompile Include="zzalog\record_table.cpp">
      <Filter>Source Files</Filter>
    </ClCompile>
    <ClCompile Include="zzalog\report_tree.cpp">
      <Filter>Source Files</Filter>
    </ClCompile>
    <ClCompile Include="zzalog\rig_dialog.cpp">
      <Filter>Source Files</Filter>
    </ClCompile>
    <ClCompile Include="zzalog\scratchpad.cpp">
      <Filter>Source Files</Filter>
    </ClCompile>
    <ClCompile Include="zzalog\search_dialog.cpp">
      <Filter>Source Files</Filter>
    </ClCompile>
    <ClCompile Include="zzalog\settings.cpp">
      <Filter>Source Files</Filter>
    </ClCompile>
    <ClCompile Include="zzalog\specx_reader.cpp">
      <Filter>Source Files</Filter>
    </ClCompile>
    <ClCompile Include="zzalog\spec_data.cpp">
      <Filter>Source Files</Filter>
    </ClCompile>
    <ClCompile Include="zzalog\spec_tree.cpp">
      <Filter>Source Files</Filter>
    </ClCompile>
    <ClCompile Include="zzalog\status.cpp">
      <Filter>Source Files</Filter>
    </ClCompile>
    <ClCompile Include="zzalog\stn_dialog.cpp">
      <Filter>Source Files</Filter>
    </ClCompile>
    <ClCompile Include="zzalog\tabbed_forms.cpp">
      <Filter>Source Files</Filter>
    </ClCompile>
    <ClCompile Include="zzalog\toolbar.cpp">
      <Filter>Source Files</Filter>
    </ClCompile>
    <ClCompile Include="zzalog\tsv_writer.cpp">
      <Filter>Source Files</Filter>
    </ClCompile>
    <ClCompile Include="zzalog\use_dialog.cpp">
      <Filter>Source Files</Filter>
    </ClCompile>
    <ClCompile Include="zzalog\view.cpp">
      <Filter>Source Files</Filter>
    </ClCompile>
    <ClCompile Include="zzalog\web_dialog.cpp">
      <Filter>Source Files</Filter>
    </ClCompile>
    <ClCompile Include="zzalog\win_dialog.cpp">
      <Filter>Source Files</Filter>
    </ClCompile>
    <ClCompile Include="zzalog\qsl_form.cpp">
      <Filter>Source Files</Filter>
    </ClCompile>
    <ClCompile Include="zzalog\qsl_design.cpp">
      <Filter>Source Files</Filter>
    </ClCompile>
    <ClCompile Include="zzalog\intl_widgets.cpp">
      <Filter>Source Files</Filter>
    </ClCompile>
    <ClCompile Include="zzalog\qrz_handler.cpp">
      <Filter>Source Files</Filter>
    </ClCompile>
    <ClCompile Include="zzalog\club_handler.cpp">
      <Filter>Source Files</Filter>
    </ClCompile>
    <ClCompile Include="zzalog\exc_data.cpp">
      <Filter>Source Files</Filter>
    </ClCompile>
    <ClCompile Include="zzalog\exc_reader.cpp">
      <Filter>Source Files</Filter>
    </ClCompile>
  </ItemGroup>
  <ItemGroup>
    <ClInclude Include="zzalog\about_dialog.h">
      <Filter>Header Files</Filter>
    </ClInclude>
    <ClInclude Include="zzalog\adi_reader.h">
      <Filter>Header Files</Filter>
    </ClInclude>
    <ClInclude Include="zzalog\adi_writer.h">
      <Filter>Header Files</Filter>
    </ClInclude>
    <ClInclude Include="zzalog\adx_reader.h">
      <Filter>Header Files</Filter>
    </ClInclude>
    <ClInclude Include="zzalog\adx_writer.h">
      <Filter>Header Files</Filter>
    </ClInclude>
    <ClInclude Include="zzalog\band_view.h">
      <Filter>Header Files</Filter>
    </ClInclude>
    <ClInclude Include="zzalog\book.h">
      <Filter>Header Files</Filter>
    </ClInclude>
    <ClInclude Include="zzalog\calendar.h">
      <Filter>Header Files</Filter>
    </ClInclude>
    <ClInclude Include="zzalog\change_dialog.h">
      <Filter>Header Files</Filter>
    </ClInclude>
    <ClInclude Include="zzalog\config_tree.h">
      <Filter>Header Files</Filter>
    </ClInclude>
    <ClInclude Include="zzalog\corr_dialog.h">
      <Filter>Header Files</Filter>
    </ClInclude>
    <ClInclude Include="zzalog\drawing.h">
      <Filter>Header Files</Filter>
    </ClInclude>
    <ClInclude Include="zzalog\dxa_if.h">
      <Filter>Header Files</Filter>
    </ClInclude>
    <ClInclude Include="zzalog\edit_dialog.h">
      <Filter>Header Files</Filter>
    </ClInclude>
    <ClInclude Include="zzalog\eqsl_handler.h">
      <Filter>Header Files</Filter>
    </ClInclude>
    <ClInclude Include="zzalog\extract_data.h">
      <Filter>Header Files</Filter>
    </ClInclude>
    <ClInclude Include="zzalog\fields.h">
      <Filter>Header Files</Filter>
    </ClInclude>
    <ClInclude Include="zzalog\fields_dialog.h">
      <Filter>Header Files</Filter>
    </ClInclude>
    <ClInclude Include="zzalog\field_choice.h">
      <Filter>Header Files</Filter>
    </ClInclude>
    <ClInclude Include="zzalog\files.h">
      <Filter>Header Files</Filter>
    </ClInclude>
    <ClInclude Include="zzalog\files_dialog.h">
      <Filter>Header Files</Filter>
    </ClInclude>
    <ClInclude Include="zzalog\icons.h">
      <Filter>Header Files</Filter>
    </ClInclude>
    <ClInclude Include="zzalog\import_data.h">
      <Filter>Header Files</Filter>
    </ClInclude>
    <ClInclude Include="zzalog\intl_dialog.h">
      <Filter>Header Files</Filter>
    </ClInclude>
    <ClInclude Include="zzalog\log_table.h">
      <Filter>Header Files</Filter>
    </ClInclude>
    <ClInclude Include="zzalog\lotw_handler.h">
      <Filter>Header Files</Filter>
    </ClInclude>
    <ClInclude Include="zzalog\menu.h">
      <Filter>Header Files</Filter>
    </ClInclude>
    <ClInclude Include="zzalog\page_dialog.h">
      <Filter>Header Files</Filter>
    </ClInclude>
    <ClInclude Include="zzalog\pfx_data.h">
      <Filter>Header Files</Filter>
    </ClInclude>
    <ClInclude Include="zzalog\pfx_dialog.h">
      <Filter>Header Files</Filter>
    </ClInclude>
    <ClInclude Include="zzalog\pfx_reader.h">
      <Filter>Header Files</Filter>
    </ClInclude>
    <ClInclude Include="zzalog\pfx_tree.h">
      <Filter>Header Files</Filter>
    </ClInclude>
    <ClInclude Include="zzalog\prefix.h">
      <Filter>Header Files</Filter>
    </ClInclude>
    <ClInclude Include="zzalog\printer.h">
      <Filter>Header Files</Filter>
    </ClInclude>
    <ClInclude Include="zzalog\record.h">
      <Filter>Header Files</Filter>
    </ClInclude>
    <ClInclude Include="zzalog\record_form.h">
      <Filter>Header Files</Filter>
    </ClInclude>
    <ClInclude Include="zzalog\record_table.h">
      <Filter>Header Files</Filter>
    </ClInclude>
    <ClInclude Include="zzalog\report_tree.h">
      <Filter>Header Files</Filter>
    </ClInclude>
    <ClInclude Include="zzalog\resource.h">
      <Filter>Header Files</Filter>
    </ClInclude>
    <ClInclude Include="zzalog\rig_dialog.h">
      <Filter>Header Files</Filter>
    </ClInclude>
    <ClInclude Include="zzalog\scratchpad.h">
      <Filter>Header Files</Filter>
    </ClInclude>
    <ClInclude Include="zzalog\search.h">
      <Filter>Header Files</Filter>
    </ClInclude>
    <ClInclude Include="zzalog\search_dialog.h">
      <Filter>Header Files</Filter>
    </ClInclude>
    <ClInclude Include="zzalog\settings.h">
      <Filter>Header Files</Filter>
    </ClInclude>
    <ClInclude Include="zzalog\specx_reader.h">
      <Filter>Header Files</Filter>
    </ClInclude>
    <ClInclude Include="zzalog\spec_data.h">
      <Filter>Header Files</Filter>
    </ClInclude>
    <ClInclude Include="zzalog\spec_tree.h">
      <Filter>Header Files</Filter>
    </ClInclude>
    <ClInclude Include="zzalog\status.h">
      <Filter>Header Files</Filter>
    </ClInclude>
    <ClInclude Include="zzalog\stn_dialog.h">
      <Filter>Header Files</Filter>
    </ClInclude>
    <ClInclude Include="zzalog\tabbed_forms.h">
      <Filter>Header Files</Filter>
    </ClInclude>
    <ClInclude Include="zzalog\toolbar.h">
      <Filter>Header Files</Filter>
    </ClInclude>
    <ClInclude Include="zzalog\tsv_writer.h">
      <Filter>Header Files</Filter>
    </ClInclude>
    <ClInclude Include="zzalog\use_dialog.h">
      <Filter>Header Files</Filter>
    </ClInclude>
    <ClInclude Include="zzalog\view.h">
      <Filter>Header Files</Filter>
    </ClInclude>
    <ClInclude Include="zzalog\web_dialog.h">
      <Filter>Header Files</Filter>
    </ClInclude>
    <ClInclude Include="zzalog\win_dialog.h">
      <Filter>Header Files</Filter>
    </ClInclude>
    <ClInclude Include="zzalog\qsl_form.h">
      <Filter>Header Files</Filter>
    </ClInclude>
    <ClInclude Include="zzalog\qsl_design.h">
      <Filter>Header Files</Filter>
    </ClInclude>
    <ClInclude Include="zzalog\intl_widgets.h">
      <Filter>Header Files</Filter>
    </ClInclude>
    <ClInclude Include="zzalog\qrz_handler.h">
      <Filter>Header Files</Filter>
    </ClInclude>
    <ClInclude Include="zzalog\version.h">
      <Filter>Header Files</Filter>
    </ClInclude>
    <ClInclude Include="zzalog\club_handler.h">
      <Filter>Header Files</Filter>
    </ClInclude>
    <ClInclude Include="zzalog\exc_data.h">
      <Filter>Header Files</Filter>
    </ClInclude>
    <ClInclude Include="zzalog\exc_reader.h">
      <Filter>Header Files</Filter>
    </ClInclude>
  </ItemGroup>
  <ItemGroup>
    <ResourceCompile Include="zzalog\zzalog.rc">
      <Filter>Resource Files</Filter>
    </ResourceCompile>
  </ItemGroup>
</Project>