<?xml version="1.0" encoding="utf-8"?>
<Project ToolsVersion="4.0" xmlns="http://schemas.microsoft.com/developer/msbuild/2003">
  <ItemGroup>
    <Filter Include="Header Files">
      <UniqueIdentifier>{93995380-89BD-4b04-88EB-625FBE52EBFB}</UniqueIdentifier>
      <Extensions>h;hh;hpp;hxx;hm;inl;inc;ipp;xsd</Extensions>
    </Filter>
  </ItemGroup>
  <ItemGroup>
    <ClInclude Include="zzalib1\callback.h">
      <Filter>Header Files</Filter>
    </ClInclude>
    <ClInclude Include="zzalib1\drawing.h">
      <Filter>Header Files</Filter>
    </ClInclude>
    <ClInclude Include="zzalib1\serial.h">
      <Filter>Header Files</Filter>
    </ClInclude>
    <ClInclude Include="zzalib1\utils.h">
      <Filter>Header Files</Filter>
    </ClInclude>
    <ClInclude Include="zzalib1\pch.h">
      <Filter>Header Files</Filter>
    </ClInclude>
    <ClInclude Include="zzalib\rig_if.h">
      <Filter>Header Files</Filter>
    </ClInclude>
    <ClInclude Include="zzalib\rpc_data_item.h">
      <Filter>Header Files</Filter>
    </ClInclude>
    <ClInclude Include="zzalib\rpc_handler.h">
      <Filter>Header Files</Filter>
    </ClInclude>
    <ClInclude Include="zzalib\xml_element.h">
      <Filter>Header Files</Filter>
    </ClInclude>
    <ClInclude Include="zzalib\xml_reader.h">
      <Filter>Header Files</Filter>
    </ClInclude>
    <ClInclude Include="zzalib\xml_writer.h">
      <Filter>Header Files</Filter>
    </ClInclude>
    <ClInclude Include="zzalib\power_matrix.h">
      <Filter>Header Files</Filter>
    </ClInclude>
    <ClInclude Include="zzalib\url_handler.h">
      <Filter>Header Files</Filter>
    </ClInclude>
    <ClInclude Include="zzalib\formats.h">
      <Filter>Header Files</Filter>
    </ClInclude>
    <ClInclude Include="zzalib\page_dialog.h">
      <Filter>Header Files</Filter>
    </ClInclude>
    <ClInclude Include="zzalib\win_dialog.h">
      <Filter>Header Files</Filter>
    </ClInclude>
  </ItemGroup>
  <ItemGroup>
    <ClCompile Include="zzalib1\serial.cpp" />
    <ClCompile Include="zzalib1\utils.cpp" />
    <ClCompile Include="zzalib\rig_if.cpp" />
    <ClCompile Include="zzalib\rpc_data_item.cpp" />
    <ClCompile Include="zzalib\rpc_handler.cpp" />
    <ClCompile Include="zzalib\xml_element.cpp" />
    <ClCompile Include="zzalib\xml_reader.cpp" />
    <ClCompile Include="zzalib\xml_writer.cpp" />
    <ClCompile Include="zzalib\power_matrix.cpp" />
    <ClCompile Include="zzalib\url_handler.cpp" />
    <ClCompile Include="zzalib\page_dialog.cpp" />
    <ClCompile Include="zzalib\win_dialog.cpp" />
  </ItemGroup>
</Project>