
Microsoft Visual Studio Solution File, Format Version 12.00
# Visual Studio Version 17
VisualStudioVersion = 17.3.32929.385
MinimumVisualStudioVersion = 10.0.40219.1
Project("{8BC9CEB8-8B4A-11D0-8D11-00A0C91BC942}") = "zzalog", "zzalog.vcxproj", "{966FAF00-273A-4788-B38E-C080D6688B78}"
EndProject
Project("{8BC9CEB8-8B4A-11D0-8D11-00A0C91BC942}") = "QBS", "QBS\QBS.vcxproj", "{E0E2A644-DA3A-4511-8B7D-329CF771DEBF}"
EndProject
Project("{2150E333-8FDC-42A3-9474-1A3956D46DE8}") = "Solution Items", "Solution Items", "{D4F0AB49-9BB4-4B15-8B1A-CEC7EC70F58D}"
EndProject
Project("{8BC9CEB8-8B4A-11D0-8D11-00A0C91BC942}") = "print_test", "..\print_test\print_test.vcxproj", "{5D358B5F-849E-43A6-BC1A-88F816E7DE51}"
EndProject
Global
	GlobalSection(SolutionConfigurationPlatforms) = preSolution
		Debug|x64 = Debug|x64
		Debug|x86 = Debug|x86
		Release|x64 = Release|x64
		Release|x86 = Release|x86
	EndGlobalSection
	GlobalSection(ProjectConfigurationPlatforms) = postSolution
		{966FAF00-273A-4788-B38E-C080D6688B78}.Debug|x64.ActiveCfg = Debug|x64
		{966FAF00-273A-4788-B38E-C080D6688B78}.Debug|x64.Build.0 = Debug|x64
		{966FAF00-273A-4788-B38E-C080D6688B78}.Debug|x86.ActiveCfg = Debug|Win32
		{966FAF00-273A-4788-B38E-C080D6688B78}.Debug|x86.Build.0 = Debug|Win32
		{966FAF00-273A-4788-B38E-C080D6688B78}.Release|x64.ActiveCfg = Release|x64
		{966FAF00-273A-4788-B38E-C080D6688B78}.Release|x64.Build.0 = Release|x64
		{966FAF00-273A-4788-B38E-C080D6688B78}.Release|x86.ActiveCfg = Release|Win32
		{966FAF00-273A-4788-B38E-C080D6688B78}.Release|x86.Build.0 = Release|Win32
		{E0E2A644-DA3A-4511-8B7D-329CF771DEBF}.Debug|x64.ActiveCfg = Debug|x64
		{E0E2A644-DA3A-4511-8B7D-329CF771DEBF}.Debug|x64.Build.0 = Debug|x64
		{E0E2A644-DA3A-4511-8B7D-329CF771DEBF}.Debug|x86.ActiveCfg = Debug|Win32
		{E0E2A644-DA3A-4511-8B7D-329CF771DEBF}.Debug|x86.Build.0 = Debug|Win32
		{E0E2A644-DA3A-4511-8B7D-329CF771DEBF}.Release|x64.ActiveCfg = Release|x64
		{E0E2A644-DA3A-4511-8B7D-329CF771DEBF}.Release|x64.Build.0 = Release|x64
		{E0E2A644-DA3A-4511-8B7D-329CF771DEBF}.Release|x86.ActiveCfg = Release|Win32
		{E0E2A644-DA3A-4511-8B7D-329CF771DEBF}.Release|x86.Build.0 = Release|Win32
		{5D358B5F-849E-43A6-BC1A-88F816E7DE51}.Debug|x64.ActiveCfg = Debug|x64
		{5D358B5F-849E-43A6-BC1A-88F816E7DE51}.Debug|x64.Build.0 = Debug|x64
		{5D358B5F-849E-43A6-BC1A-88F816E7DE51}.Debug|x86.ActiveCfg = Debug|Win32
		{5D358B5F-849E-43A6-BC1A-88F816E7DE51}.Debug|x86.Build.0 = Debug|Win32
		{5D358B5F-849E-43A6-BC1A-88F816E7DE51}.Release|x64.ActiveCfg = Release|x64
		{5D358B5F-849E-43A6-BC1A-88F816E7DE51}.Release|x64.Build.0 = Release|x64
		{5D358B5F-849E-43A6-BC1A-88F816E7DE51}.Release|x86.ActiveCfg = Release|Win32
		{5D358B5F-849E-43A6-BC1A-88F816E7DE51}.Release|x86.Build.0 = Release|Win32
	EndGlobalSection
	GlobalSection(SolutionProperties) = preSolution
		HideSolutionNode = FALSE
	EndGlobalSection
	GlobalSection(NestedProjects) = preSolution
		{5D358B5F-849E-43A6-BC1A-88F816E7DE51} = {D4F0AB49-9BB4-4B15-8B1A-CEC7EC70F58D}
	EndGlobalSection
	GlobalSection(ExtensibilityGlobals) = postSolution
		SolutionGuid = {A77ADD25-5691-46F7-96E5-E8903A6E71F7}
	EndGlobalSection
EndGlobal
