
Microsoft Visual Studio Solution File, Format Version 12.00
# Visual Studio Version 16
VisualStudioVersion = 16.0.29215.179
MinimumVisualStudioVersion = 10.0.40219.1
Project("{8BC9CEB8-8B4A-11D0-8D11-00A0C91BC942}") = "zzalog", "zzalog.vcxproj", "{966FAF00-273A-4788-B38E-C080D6688B78}"
EndProject
Project("{8BC9CEB8-8B4A-11D0-8D11-00A0C91BC942}") = "zzaportm", "zzaportm.vcxproj", "{8C42177D-AA73-40EA-862F-C1F0CE8C1952}"
EndProject
Project("{8BC9CEB8-8B4A-11D0-8D11-00A0C91BC942}") = "zzalib", "zzalib\zzalib.vcxitems", "{72A8838F-AC50-476A-A9BC-66B406F838F2}"
EndProject
Global
	GlobalSection(SolutionConfigurationPlatforms) = preSolution
		Debug|x64 = Debug|x64
		Debug|x86 = Debug|x86
		Release|x64 = Release|x64
		Release|x86 = Release|x86
	EndGlobalSection
	GlobalSection(ProjectConfigurationPlatforms) = postSolution
		{966FAF00-273A-4788-B38E-C080D6688B78}.Debug|x64.ActiveCfg = Debug|x64
		{966FAF00-273A-4788-B38E-C080D6688B78}.Debug|x64.Build.0 = Debug|x64
		{966FAF00-273A-4788-B38E-C080D6688B78}.Debug|x86.ActiveCfg = Debug|Win32
		{966FAF00-273A-4788-B38E-C080D6688B78}.Debug|x86.Build.0 = Debug|Win32
		{966FAF00-273A-4788-B38E-C080D6688B78}.Release|x64.ActiveCfg = Release|x64
		{966FAF00-273A-4788-B38E-C080D6688B78}.Release|x64.Build.0 = Release|x64
		{966FAF00-273A-4788-B38E-C080D6688B78}.Release|x86.ActiveCfg = Release|Win32
		{966FAF00-273A-4788-B38E-C080D6688B78}.Release|x86.Build.0 = Release|Win32
		{8C42177D-AA73-40EA-862F-C1F0CE8C1952}.Debug|x64.ActiveCfg = Debug|x64
		{8C42177D-AA73-40EA-862F-C1F0CE8C1952}.Debug|x64.Build.0 = Debug|x64
		{8C42177D-AA73-40EA-862F-C1F0CE8C1952}.Debug|x86.ActiveCfg = Debug|Win32
		{8C42177D-AA73-40EA-862F-C1F0CE8C1952}.Debug|x86.Build.0 = Debug|Win32
		{8C42177D-AA73-40EA-862F-C1F0CE8C1952}.Release|x64.ActiveCfg = Release|x64
		{8C42177D-AA73-40EA-862F-C1F0CE8C1952}.Release|x64.Build.0 = Release|x64
		{8C42177D-AA73-40EA-862F-C1F0CE8C1952}.Release|x86.ActiveCfg = Release|Win32
		{8C42177D-AA73-40EA-862F-C1F0CE8C1952}.Release|x86.Build.0 = Release|Win32
	EndGlobalSection
	GlobalSection(SolutionProperties) = preSolution
		HideSolutionNode = FALSE
	EndGlobalSection
	GlobalSection(ExtensibilityGlobals) = postSolution
		SolutionGuid = {A77ADD25-5691-46F7-96E5-E8903A6E71F7}
	EndGlobalSection
EndGlobal
