<?xml version="1.0" encoding="utf-8"?>
<Project ToolsVersion="4.0" xmlns="http://schemas.microsoft.com/developer/msbuild/2003">
  <ItemGroup>
    <Filter Include="Source Files">
      <UniqueIdentifier>{4FC737F1-C7A5-4376-A066-2A32D752A2FF}</UniqueIdentifier>
      <Extensions>cpp;c;cc;cxx;def;odl;idl;hpj;bat;asm;asmx</Extensions>
    </Filter>
    <Filter Include="Header Files">
      <UniqueIdentifier>{93995380-89BD-4b04-88EB-625FBE52EBFB}</UniqueIdentifier>
      <Extensions>h;hh;hpp;hxx;hm;inl;inc;ipp;xsd</Extensions>
    </Filter>
    <Filter Include="Resource Files">
      <UniqueIdentifier>{67DA6AB6-F800-4c08-8B7A-83BB121AAD01}</UniqueIdentifier>
      <Extensions>rc;ico;cur;bmp;dlg;rc2;rct;bin;rgs;gif;jpg;jpeg;jpe;resx;tiff;tif;png;wav;mfcribbon-ms</Extensions>
    </Filter>
  </ItemGroup>
  <ItemGroup>
    <ClCompile Include="main.cpp">
      <Filter>Source Files</Filter>
    </ClCompile>
    <ClCompile Include="record.cpp">
      <Filter>Source Files</Filter>
    </ClCompile>
    <ClCompile Include="utils.cpp">
      <Filter>Source Files</Filter>
    </ClCompile>
    <ClCompile Include="book.cpp">
      <Filter>Source Files</Filter>
    </ClCompile>
    <ClCompile Include="adi_reader.cpp">
      <Filter>Source Files</Filter>
    </ClCompile>
    <ClCompile Include="log_table.cpp">
      <Filter>Source Files</Filter>
    </ClCompile>
    <ClCompile Include="view.cpp">
      <Filter>Source Files</Filter>
    </ClCompile>
    <ClCompile Include="record_table.cpp">
      <Filter>Source Files</Filter>
    </ClCompile>
    <ClCompile Include="record_form.cpp">
      <Filter>Source Files</Filter>
    </ClCompile>
    <ClCompile Include="pfx_reader.cpp">
      <Filter>Source Files</Filter>
    </ClCompile>
    <ClCompile Include="pfx_data.cpp">
      <Filter>Source Files</Filter>
    </ClCompile>
    <ClCompile Include="pfx_dialog.cpp">
      <Filter>Source Files</Filter>
    </ClCompile>
    <ClCompile Include="adi_writer.cpp">
      <Filter>Source Files</Filter>
    </ClCompile>
    <ClCompile Include="rig_if.cpp">
      <Filter>Source Files</Filter>
    </ClCompile>
    <ClCompile Include="rig_dialog.cpp">
      <Filter>Source Files</Filter>
    </ClCompile>
    <ClCompile Include="menu.cpp">
      <Filter>Source Files</Filter>
    </ClCompile>
    <ClCompile Include="toolbar.cpp">
      <Filter>Source Files</Filter>
    </ClCompile>
    <ClCompile Include="status.cpp">
      <Filter>Source Files</Filter>
    </ClCompile>
    <ClCompile Include="tabbed_forms.cpp">
      <Filter>Source Files</Filter>
    </ClCompile>
    <ClCompile Include="import_data.cpp">
      <Filter>Source Files</Filter>
    </ClCompile>
    <ClCompile Include="eqsl_handler.cpp">
      <Filter>Source Files</Filter>
    </ClCompile>
    <ClCompile Include="corr_dialog.cpp">
      <Filter>Source Files</Filter>
    </ClCompile>
    <ClCompile Include="win_dialog.cpp">
      <Filter>Source Files</Filter>
    </ClCompile>
    <ClCompile Include="page_dialog.cpp">
      <Filter>Source Files</Filter>
    </ClCompile>
    <ClCompile Include="files_dialog.cpp">
      <Filter>Source Files</Filter>
    </ClCompile>
    <ClCompile Include="web_dialog.cpp">
      <Filter>Source Files</Filter>
    </ClCompile>
    <ClCompile Include="calendar.cpp">
      <Filter>Source Files</Filter>
    </ClCompile>
    <ClCompile Include="url_handler.cpp">
      <Filter>Source Files</Filter>
    </ClCompile>
    <ClCompile Include="printer.cpp">
      <Filter>Source Files</Filter>
    </ClCompile>
    <ClCompile Include="stn_dialog.cpp">
      <Filter>Source Files</Filter>
    </ClCompile>
    <ClCompile Include="config_tree.cpp">
      <Filter>Source Files</Filter>
    </ClCompile>
    <ClCompile Include="settings.cpp">
      <Filter>Source Files</Filter>
    </ClCompile>
    <ClCompile Include="fields_dialog.cpp">
      <Filter>Source Files</Filter>
    </ClCompile>
    <ClCompile Include="extract_data.cpp">
      <Filter>Source Files</Filter>
    </ClCompile>
    <ClCompile Include="search_dialog.cpp">
      <Filter>Source Files</Filter>
    </ClCompile>
    <ClCompile Include="change_dialog.cpp">
      <Filter>Source Files</Filter>
    </ClCompile>
    <ClCompile Include="use_dialog.cpp">
      <Filter>Source Files</Filter>
    </ClCompile>
    <ClCompile Include="xml_element.cpp">
      <Filter>Source Files</Filter>
    </ClCompile>
    <ClCompile Include="xml_reader.cpp">
      <Filter>Source Files</Filter>
    </ClCompile>
    <ClCompile Include="adx_reader.cpp">
      <Filter>Source Files</Filter>
    </ClCompile>
    <ClCompile Include="xml_writer.cpp">
      <Filter>Source Files</Filter>
    </ClCompile>
    <ClCompile Include="adx_writer.cpp">
      <Filter>Source Files</Filter>
    </ClCompile>
    <ClCompile Include="lotw_handler.cpp">
      <Filter>Source Files</Filter>
    </ClCompile>
    <ClCompile Include="tsv_writer.cpp">
      <Filter>Source Files</Filter>
    </ClCompile>
    <ClCompile Include="pfx_tree.cpp">
      <Filter>Source Files</Filter>
    </ClCompile>
    <ClCompile Include="report_tree.cpp">
      <Filter>Source Files</Filter>
    </ClCompile>
    <ClCompile Include="about_dialog.cpp">
      <Filter>Source Files</Filter>
    </ClCompile>
    <ClCompile Include="rpc_data_item.cpp">
      <Filter>Source Files</Filter>
    </ClCompile>
    <ClCompile Include="rpc_handler.cpp">
      <Filter>Source Files</Filter>
    </ClCompile>
    <ClCompile Include="power_matrix.cpp">
      <Filter>Source Files</Filter>
    </ClCompile>
    <ClCompile Include="edit_dialog.cpp">
      <Filter>Source Files</Filter>
    </ClCompile>
    <ClCompile Include="spec_tree.cpp">
      <Filter>Source Files</Filter>
    </ClCompile>
    <ClCompile Include="intl_dialog.cpp">
      <Filter>Source Files</Filter>
    </ClCompile>
    <ClCompile Include="band_view.cpp">
      <Filter>Source Files</Filter>
    </ClCompile>
    <ClCompile Include="scratchpad.cpp">
      <Filter>Source Files</Filter>
    </ClCompile>
    <ClCompile Include="field_choice.cpp">
      <Filter>Source Files</Filter>
    </ClCompile>
    <ClCompile Include="dxa_if.cpp">
      <Filter>Source Files</Filter>
    </ClCompile>
    <ClCompile Include="specx_reader.cpp">
      <Filter>Source Files</Filter>
    </ClCompile>
    <ClCompile Include="spec_data.cpp">
      <Filter>Source Files</Filter>
    </ClCompile>
  </ItemGroup>
  <ItemGroup>
    <ClInclude Include="record.h">
      <Filter>Header Files</Filter>
    </ClInclude>
    <ClInclude Include="utils.h">
      <Filter>Header Files</Filter>
    </ClInclude>
    <ClInclude Include="book.h">
      <Filter>Header Files</Filter>
    </ClInclude>
    <ClInclude Include="adi_reader.h">
      <Filter>Header Files</Filter>
    </ClInclude>
    <ClInclude Include="log_table.h">
      <Filter>Header Files</Filter>
    </ClInclude>
    <ClInclude Include="view.h">
      <Filter>Header Files</Filter>
    </ClInclude>
    <ClInclude Include="record_table.h">
      <Filter>Header Files</Filter>
    </ClInclude>
    <ClInclude Include="record_form.h">
      <Filter>Header Files</Filter>
    </ClInclude>
    <ClInclude Include="pfx_reader.h">
      <Filter>Header Files</Filter>
    </ClInclude>
    <ClInclude Include="prefix.h">
      <Filter>Header Files</Filter>
    </ClInclude>
    <ClInclude Include="pfx_data.h">
      <Filter>Header Files</Filter>
    </ClInclude>
    <ClInclude Include="pfx_dialog.h">
      <Filter>Header Files</Filter>
    </ClInclude>
    <ClInclude Include="adi_writer.h">
      <Filter>Header Files</Filter>
    </ClInclude>
    <ClInclude Include="rig_if.h">
      <Filter>Header Files</Filter>
    </ClInclude>
    <ClInclude Include="rig_dialog.h">
      <Filter>Header Files</Filter>
    </ClInclude>
    <ClInclude Include="toolbar.h">
      <Filter>Header Files</Filter>
    </ClInclude>
    <ClInclude Include="menu.h">
      <Filter>Header Files</Filter>
    </ClInclude>
    <ClInclude Include="status.h">
      <Filter>Header Files</Filter>
    </ClInclude>
    <ClInclude Include="tabbed_forms.h">
      <Filter>Header Files</Filter>
    </ClInclude>
    <ClInclude Include="import_data.h">
      <Filter>Header Files</Filter>
    </ClInclude>
    <ClInclude Include="eqsl_handler.h">
      <Filter>Header Files</Filter>
    </ClInclude>
    <ClInclude Include="corr_dialog.h">
      <Filter>Header Files</Filter>
    </ClInclude>
    <ClInclude Include="win_dialog.h">
      <Filter>Header Files</Filter>
    </ClInclude>
    <ClInclude Include="page_dialog.h">
      <Filter>Header Files</Filter>
    </ClInclude>
    <ClInclude Include="files_dialog.h">
      <Filter>Header Files</Filter>
    </ClInclude>
    <ClInclude Include="web_dialog.h">
      <Filter>Header Files</Filter>
    </ClInclude>
    <ClInclude Include="calendar.h">
      <Filter>Header Files</Filter>
    </ClInclude>
    <ClInclude Include="url_handler.h">
      <Filter>Header Files</Filter>
    </ClInclude>
    <ClInclude Include="icons.h">
      <Filter>Header Files</Filter>
    </ClInclude>
    <ClInclude Include="callback.h">
      <Filter>Header Files</Filter>
    </ClInclude>
    <ClInclude Include="printer.h">
      <Filter>Header Files</Filter>
    </ClInclude>
    <ClInclude Include="stn_dialog.h">
      <Filter>Header Files</Filter>
    </ClInclude>
    <ClInclude Include="config_tree.h">
      <Filter>Header Files</Filter>
    </ClInclude>
    <ClInclude Include="settings.h">
      <Filter>Header Files</Filter>
    </ClInclude>
    <ClInclude Include="fields_dialog.h">
      <Filter>Header Files</Filter>
    </ClInclude>
    <ClInclude Include="extract_data.h">
      <Filter>Header Files</Filter>
    </ClInclude>
    <ClInclude Include="search_dialog.h">
      <Filter>Header Files</Filter>
    </ClInclude>
    <ClInclude Include="change_dialog.h">
      <Filter>Header Files</Filter>
    </ClInclude>
    <ClInclude Include="use_dialog.h">
      <Filter>Header Files</Filter>
    </ClInclude>
    <ClInclude Include="xml_element.h">
      <Filter>Header Files</Filter>
    </ClInclude>
    <ClInclude Include="xml_reader.h">
      <Filter>Header Files</Filter>
    </ClInclude>
    <ClInclude Include="adx_reader.h">
      <Filter>Header Files</Filter>
    </ClInclude>
    <ClInclude Include="xml_writer.h">
      <Filter>Header Files</Filter>
    </ClInclude>
    <ClInclude Include="adx_writer.h">
      <Filter>Header Files</Filter>
    </ClInclude>
    <ClInclude Include="lotw_handler.h">
      <Filter>Header Files</Filter>
    </ClInclude>
    <ClInclude Include="tsv_writer.h">
      <Filter>Header Files</Filter>
    </ClInclude>
    <ClInclude Include="pfx_tree.h">
      <Filter>Header Files</Filter>
    </ClInclude>
    <ClInclude Include="report_tree.h">
      <Filter>Header Files</Filter>
    </ClInclude>
    <ClInclude Include="about_dialog.h">
      <Filter>Header Files</Filter>
    </ClInclude>
    <ClInclude Include="rpc_data_item.h">
      <Filter>Header Files</Filter>
    </ClInclude>
    <ClInclude Include="rpc_handler.h">
      <Filter>Header Files</Filter>
    </ClInclude>
    <ClInclude Include="power_matrix.h">
      <Filter>Header Files</Filter>
    </ClInclude>
    <ClInclude Include="resource.h">
      <Filter>Header Files</Filter>
    </ClInclude>
    <ClInclude Include="edit_dialog.h">
      <Filter>Header Files</Filter>
    </ClInclude>
    <ClInclude Include="spec_data.h">
      <Filter>Header Files</Filter>
    </ClInclude>
    <ClInclude Include="spec_tree.h">
      <Filter>Header Files</Filter>
    </ClInclude>
    <ClInclude Include="search.h">
      <Filter>Header Files</Filter>
    </ClInclude>
    <ClInclude Include="drawing.h">
      <Filter>Header Files</Filter>
    </ClInclude>
    <ClInclude Include="files.h">
      <Filter>Header Files</Filter>
    </ClInclude>
    <ClInclude Include="formats.h">
      <Filter>Header Files</Filter>
    </ClInclude>
    <ClInclude Include="fields.h">
      <Filter>Header Files</Filter>
    </ClInclude>
    <ClInclude Include="intl_dialog.h">
      <Filter>Header Files</Filter>
    </ClInclude>
    <ClInclude Include="band_view.h">
      <Filter>Header Files</Filter>
    </ClInclude>
    <ClInclude Include="scratchpad.h">
      <Filter>Header Files</Filter>
    </ClInclude>
    <ClInclude Include="field_choice.h">
      <Filter>Header Files</Filter>
    </ClInclude>
    <ClInclude Include="dxa_if.h">
      <Filter>Header Files</Filter>
    </ClInclude>
    <ClInclude Include="specx_reader.h">
      <Filter>Header Files</Filter>
    </ClInclude>
  </ItemGroup>
  <ItemGroup>
    <Image Include="zzalog.ico">
      <Filter>Resource Files</Filter>
    </Image>
  </ItemGroup>
  <ItemGroup>
    <ResourceCompile Include="zzalog.rc">
      <Filter>Resource Files</Filter>
    </ResourceCompile>
  </ItemGroup>
  <ItemGroup>
    <Library Include="..\..\..\..\..\..\..\Program Files (x86)\hamlib-w32-3.3\lib\msvc\libhamlib-2.lib">
      <Filter>Source Files</Filter>
    </Library>
  </ItemGroup>
</Project>