<?xml version="1.0" encoding="utf-8"?>
<Project ToolsVersion="4.0" xmlns="http://schemas.microsoft.com/developer/msbuild/2003">
  <ItemGroup>
    <Filter Include="Source Files">
      <UniqueIdentifier>{4FC737F1-C7A5-4376-A066-2A32D752A2FF}</UniqueIdentifier>
      <Extensions>cpp;c;cc;cxx;def;odl;idl;hpj;bat;asm;asmx</Extensions>
    </Filter>
    <Filter Include="Header Files">
      <UniqueIdentifier>{93995380-89BD-4b04-88EB-625FBE52EBFB}</UniqueIdentifier>
      <Extensions>h;hh;hpp;hxx;hm;inl;inc;xsd</Extensions>
    </Filter>
    <Filter Include="Resource Files">
      <UniqueIdentifier>{67DA6AB6-F800-4c08-8B7A-83BB121AAD01}</UniqueIdentifier>
      <Extensions>rc;ico;cur;bmp;dlg;rc2;rct;bin;rgs;gif;jpg;jpeg;jpe;resx;tiff;tif;png;wav</Extensions>
    </Filter>
  </ItemGroup>
  <ItemGroup>
    <ClCompile Include="src\contests\basic.cpp">
      <Filter>Source Files</Filter>
    </ClCompile>
    <ClCompile Include="src\contests\iaru_hf.cpp">
      <Filter>Source Files</Filter>
    </ClCompile>
    <ClCompile Include="src\about_dialog.cpp">
      <Filter>Source Files</Filter>
    </ClCompile>
    <ClCompile Include="src\adi_reader.cpp">
      <Filter>Source Files</Filter>
    </ClCompile>
    <ClCompile Include="src\adi_writer.cpp">
      <Filter>Source Files</Filter>
    </ClCompile>
    <ClCompile Include="src\adx_reader.cpp">
      <Filter>Source Files</Filter>
    </ClCompile>
    <ClCompile Include="src\adx_writer.cpp">
      <Filter>Source Files</Filter>
    </ClCompile>
    <ClCompile Include="src\band_data.cpp">
      <Filter>Source Files</Filter>
    </ClCompile>
    <ClCompile Include="src\band_widget.cpp">
      <Filter>Source Files</Filter>
    </ClCompile>
    <ClCompile Include="src\band_window.cpp">
      <Filter>Source Files</Filter>
    </ClCompile>
    <ClCompile Include="src\banner.cpp">
      <Filter>Source Files</Filter>
    </ClCompile>
    <ClCompile Include="src\book.cpp">
      <Filter>Source Files</Filter>
    </ClCompile>
    <ClCompile Include="src\calendar.cpp">
      <Filter>Source Files</Filter>
    </ClCompile>
    <ClCompile Include="src\calendar_input.cpp">
      <Filter>Source Files</Filter>
    </ClCompile>
    <ClCompile Include="src\calendar_table.cpp">
      <Filter>Source Files</Filter>
    </ClCompile>
    <ClCompile Include="src\change_dialog.cpp">
      <Filter>Source Files</Filter>
    </ClCompile>
    <ClCompile Include="src\club_handler.cpp">
      <Filter>Source Files</Filter>
    </ClCompile>
    <ClCompile Include="src\club_stn_dlg.cpp">
      <Filter>Source Files</Filter>
    </ClCompile>
    <ClCompile Include="src\config.cpp">
      <Filter>Source Files</Filter>
    </ClCompile>
    <ClCompile Include="src\config_tree.cpp">
      <Filter>Source Files</Filter>
    </ClCompile>
    <ClCompile Include="src\contest_algorithm.cpp">
      <Filter>Source Files</Filter>
    </ClCompile>
    <ClCompile Include="src\contest_data.cpp">
      <Filter>Source Files</Filter>
    </ClCompile>
    <ClCompile Include="src\contest_dialog.cpp">
      <Filter>Source Files</Filter>
    </ClCompile>
    <ClCompile Include="src\contest_reader.cpp">
      <Filter>Source Files</Filter>
    </ClCompile>
    <ClCompile Include="src\contest_scorer.cpp">
      <Filter>Source Files</Filter>
    </ClCompile>
    <ClCompile Include="src\contest_writer.cpp">
      <Filter>Source Files</Filter>
    </ClCompile>
    <ClCompile Include="src\corr_dialog.cpp">
      <Filter>Source Files</Filter>
    </ClCompile>
    <ClCompile Include="src\cty1_reader.cpp">
      <Filter>Source Files</Filter>
    </ClCompile>
    <ClCompile Include="src\dxcc_table.cpp">
      <Filter>Source Files</Filter>
    </ClCompile>
    <ClCompile Include="src\dxcc_view.cpp">
      <Filter>Source Files</Filter>
    </ClCompile>
    <ClCompile Include="src\eqsl_handler.cpp">
      <Filter>Source Files</Filter>
    </ClCompile>
    <ClCompile Include="src\extract_data.cpp">
      <Filter>Source Files</Filter>
    </ClCompile>
    <ClCompile Include="src\field_choice.cpp">
      <Filter>Source Files</Filter>
    </ClCompile>
    <ClCompile Include="src\fields.cpp">
      <Filter>Source Files</Filter>
    </ClCompile>
    <ClCompile Include="src\fields_dialog.cpp">
      <Filter>Source Files</Filter>
    </ClCompile>
    <ClCompile Include="src\file_viewer.cpp">
      <Filter>Source Files</Filter>
    </ClCompile>
    <ClCompile Include="src\fllog_emul.cpp">
      <Filter>Source Files</Filter>
    </ClCompile>
    <ClCompile Include="src\font_dialog.cpp">
      <Filter>Source Files</Filter>
    </ClCompile>
    <ClCompile Include="src\import_data.cpp">
      <Filter>Source Files</Filter>
    </ClCompile>
    <ClCompile Include="src\intl_dialog.cpp">
      <Filter>Source Files</Filter>
    </ClCompile>
    <ClCompile Include="src\intl_widgets.cpp">
      <Filter>Source Files</Filter>
    </ClCompile>
    <ClCompile Include="src\log_table.cpp">
      <Filter>Source Files</Filter>
    </ClCompile>
    <ClCompile Include="src\lotw_handler.cpp">
      <Filter>Source Files</Filter>
    </ClCompile>
    <ClCompile Include="src\main.cpp">
      <Filter>Source Files</Filter>
    </ClCompile>
    <ClCompile Include="src\main_window.cpp">
      <Filter>Source Files</Filter>
    </ClCompile>
    <ClCompile Include="src\menu.cpp">
      <Filter>Source Files</Filter>
    </ClCompile>
    <ClCompile Include="src\page_dialog.cpp">
      <Filter>Source Files</Filter>
    </ClCompile>
    <ClCompile Include="src\password_input.cpp">
      <Filter>Source Files</Filter>
    </ClCompile>
    <ClCompile Include="src\png_writer.cpp">
      <Filter>Source Files</Filter>
    </ClCompile>
    <ClCompile Include="src\printer.cpp">
      <Filter>Source Files</Filter>
    </ClCompile>
    <ClCompile Include="src\qrz_handler.cpp">
      <Filter>Source Files</Filter>
    </ClCompile>
    <ClCompile Include="src\qsl_dataset.cpp">
      <Filter>Source Files</Filter>
    </ClCompile>
    <ClCompile Include="src\qsl_display.cpp">
      <Filter>Source Files</Filter>
    </ClCompile>
    <ClCompile Include="src\qsl_editor.cpp">
      <Filter>Source Files</Filter>
    </ClCompile>
    <ClCompile Include="src\qsl_emailer.cpp">
      <Filter>Source Files</Filter>
    </ClCompile>
    <ClCompile Include="src\qsl_image.cpp">
      <Filter>Source Files</Filter>
    </ClCompile>
    <ClCompile Include="src\qsl_reader.cpp">
      <Filter>Source Files</Filter>
    </ClCompile>
    <ClCompile Include="src\qsl_widget.cpp">
      <Filter>Source Files</Filter>
    </ClCompile>
    <ClCompile Include="src\qsl_writer.cpp">
      <Filter>Source Files</Filter>
    </ClCompile>
    <ClCompile Include="src\qso_apps.cpp">
      <Filter>Source Files</Filter>
    </ClCompile>
    <ClCompile Include="src\qso_bands.cpp">
      <Filter>Source Files</Filter>
    </ClCompile>
    <ClCompile Include="src\qso_buttons.cpp">
      <Filter>Source Files</Filter>
    </ClCompile>
    <ClCompile Include="src\qso_clock.cpp">
      <Filter>Source Files</Filter>
    </ClCompile>
    <ClCompile Include="src\qso_clocks.cpp">
      <Filter>Source Files</Filter>
    </ClCompile>
    <ClCompile Include="src\qso_data.cpp">
      <Filter>Source Files</Filter>
    </ClCompile>
    <ClCompile Include="src\qso_details.cpp">
      <Filter>Source Files</Filter>
    </ClCompile>
    <ClCompile Include="src\qso_dxcc.cpp">
      <Filter>Source Files</Filter>
    </ClCompile>
    <ClCompile Include="src\qso_entry.cpp">
      <Filter>Source Files</Filter>
    </ClCompile>
    <ClCompile Include="src\qso_log.cpp">
      <Filter>Source Files</Filter>
    </ClCompile>
    <ClCompile Include="src\qso_log_info.cpp">
      <Filter>Source Files</Filter>
    </ClCompile>
    <ClCompile Include="src\qso_manager.cpp">
      <Filter>Source Files</Filter>
    </ClCompile>
    <ClCompile Include="src\qso_misc.cpp">
      <Filter>Source Files</Filter>
    </ClCompile>
    <ClCompile Include="src\qso_net_entry.cpp">
      <Filter>Source Files</Filter>
    </ClCompile>
    <ClCompile Include="src\qso_operation.cpp">
      <Filter>Source Files</Filter>
    </ClCompile>
    <ClCompile Include="src\qso_qsl.cpp">
      <Filter>Source Files</Filter>
    </ClCompile>
    <ClCompile Include="src\qso_qsl_vwr.cpp">
      <Filter>Source Files</Filter>
    </ClCompile>
    <ClCompile Include="src\qso_query.cpp">
      <Filter>Source Files</Filter>
    </ClCompile>
    <ClCompile Include="src\qso_rig.cpp">
      <Filter>Source Files</Filter>
    </ClCompile>
    <ClCompile Include="src\qso_tabbed_rigs.cpp">
      <Filter>Source Files</Filter>
    </ClCompile>
    <ClCompile Include="src\qso_wx.cpp">
      <Filter>Source Files</Filter>
    </ClCompile>
    <ClCompile Include="src\record.cpp">
      <Filter>Source Files</Filter>
    </ClCompile>
    <ClCompile Include="src\record_table.cpp">
      <Filter>Source Files</Filter>
    </ClCompile>
    <ClCompile Include="src\report_tree.cpp">
      <Filter>Source Files</Filter>
    </ClCompile>
    <ClCompile Include="src\rig_data.cpp">
      <Filter>Source Files</Filter>
    </ClCompile>
    <ClCompile Include="src\rig_if.cpp">
      <Filter>Source Files</Filter>
    </ClCompile>
    <ClCompile Include="src\rig_reader.cpp">
      <Filter>Source Files</Filter>
    </ClCompile>
    <ClCompile Include="src\rig_writer.cpp">
      <Filter>Source Files</Filter>
    </ClCompile>
    <ClCompile Include="src\rpc_data_item.cpp">
      <Filter>Source Files</Filter>
    </ClCompile>
    <ClCompile Include="src\rpc_handler.cpp">
      <Filter>Source Files</Filter>
    </ClCompile>
    <ClCompile Include="src\search_dialog.cpp">
      <Filter>Source Files</Filter>
    </ClCompile>
    <ClCompile Include="src\serial.cpp">
      <Filter>Source Files</Filter>
    </ClCompile>
    <ClCompile Include="src\socket_server.cpp">
      <Filter>Source Files</Filter>
    </ClCompile>
    <ClCompile Include="src\spec_data.cpp">
      <Filter>Source Files</Filter>
    </ClCompile>
    <ClCompile Include="src\spec_tree.cpp">
      <Filter>Source Files</Filter>
    </ClCompile>
    <ClCompile Include="src\specx_reader.cpp">
      <Filter>Source Files</Filter>
    </ClCompile>
    <ClCompile Include="src\status.cpp">
      <Filter>Source Files</Filter>
    </ClCompile>
    <ClCompile Include="src\stn_data.cpp">
      <Filter>Source Files</Filter>
    </ClCompile>
    <ClCompile Include="src\stn_dialog.cpp">
      <Filter>Source Files</Filter>
    </ClCompile>
    <ClCompile Include="src\stn_reader.cpp">
      <Filter>Source Files</Filter>
    </ClCompile>
    <ClCompile Include="src\stn_writer.cpp">
      <Filter>Source Files</Filter>
    </ClCompile>
    <ClCompile Include="src\symbols.cpp">
      <Filter>Source Files</Filter>
    </ClCompile>
    <ClCompile Include="src\tabbed_forms.cpp">
      <Filter>Source Files</Filter>
    </ClCompile>
    <ClCompile Include="src\ticker.cpp">
      <Filter>Source Files</Filter>
    </ClCompile>
    <ClCompile Include="src\toolbar.cpp">
      <Filter>Source Files</Filter>
    </ClCompile>
    <ClCompile Include="src\url_handler.cpp">
      <Filter>Source Files</Filter>
    </ClCompile>
    <ClCompile Include="src\user_dialog.cpp">
      <Filter>Source Files</Filter>
    </ClCompile>
    <ClCompile Include="src\view.cpp">
      <Filter>Source Files</Filter>
    </ClCompile>
    <ClCompile Include="src\web_dialog.cpp">
      <Filter>Source Files</Filter>
    </ClCompile>
    <ClCompile Include="src\win_dialog.cpp">
      <Filter>Source Files</Filter>
    </ClCompile>
    <ClCompile Include="src\wsjtx_handler.cpp">
      <Filter>Source Files</Filter>
    </ClCompile>
    <ClCompile Include="src\wx_handler.cpp">
      <Filter>Source Files</Filter>
    </ClCompile>
    <ClCompile Include="src\xml_wreader.cpp">
      <Filter>Source Files</Filter>
    </ClCompile>
    <ClCompile Include="..\common\src\utils.cpp">
      <Filter>Source Files</Filter>
    </ClCompile>
    <ClCompile Include="..\common\src\xml_element.cpp">
      <Filter>Source Files</Filter>
    </ClCompile>
    <ClCompile Include="..\common\src\xml_reader.cpp">
      <Filter>Source Files</Filter>
    </ClCompile>
    <ClCompile Include="..\common\src\xml_writer.cpp">
      <Filter>Source Files</Filter>
    </ClCompile>
    <ClCompile Include="..\widgets\src\filename_input.cpp">
      <Filter>Source Files</Filter>
    </ClCompile>
    <ClCompile Include="src\cty2_reader.cpp">
      <Filter>Source Files</Filter>
    </ClCompile>
    <ClCompile Include="src\cty_data.cpp">
      <Filter>Source Files</Filter>
    </ClCompile>
    <ClCompile Include="src\cty_element.cpp">
      <Filter>Source Files</Filter>
    </ClCompile>
    <ClCompile Include="src\cty3_reader.cpp">
      <Filter>Source Files</Filter>
    </ClCompile>
    <ClCompile Include="src\cty_dialog.cpp">
      <Filter>Source Files</Filter>
    </ClCompile>
  </ItemGroup>
  <ItemGroup>
    <ClInclude Include="packages\pthreads.2.9.1.4\build\native\include\pthread.h">
      <Filter>Header Files</Filter>
    </ClInclude>
    <ClInclude Include="resource.h">
      <Filter>Header Files</Filter>
    </ClInclude>
    <ClInclude Include="include\contests\basic.h">
      <Filter>Header Files</Filter>
    </ClInclude>
    <ClInclude Include="include\contests\iaru_hf.h">
      <Filter>Header Files</Filter>
    </ClInclude>
    <ClInclude Include="include\about_dialog.h">
      <Filter>Header Files</Filter>
    </ClInclude>
    <ClInclude Include="include\adi_reader.h">
      <Filter>Header Files</Filter>
    </ClInclude>
    <ClInclude Include="include\adi_writer.h">
      <Filter>Header Files</Filter>
    </ClInclude>
    <ClInclude Include="include\adx_reader.h">
      <Filter>Header Files</Filter>
    </ClInclude>
    <ClInclude Include="include\adx_writer.h">
      <Filter>Header Files</Filter>
    </ClInclude>
    <ClInclude Include="include\band.h">
      <Filter>Header Files</Filter>
    </ClInclude>
    <ClInclude Include="include\band_data.h">
      <Filter>Header Files</Filter>
    </ClInclude>
    <ClInclude Include="include\band_widget.h">
      <Filter>Header Files</Filter>
    </ClInclude>
    <ClInclude Include="include\band_window.h">
      <Filter>Header Files</Filter>
    </ClInclude>
    <ClInclude Include="include\banner.h">
      <Filter>Header Files</Filter>
    </ClInclude>
    <ClInclude Include="include\book.h">
      <Filter>Header Files</Filter>
    </ClInclude>
    <ClInclude Include="include\calendar.h">
      <Filter>Header Files</Filter>
    </ClInclude>
    <ClInclude Include="include\calendar_input.h">
      <Filter>Header Files</Filter>
    </ClInclude>
    <ClInclude Include="include\calendar_table.h">
      <Filter>Header Files</Filter>
    </ClInclude>
    <ClInclude Include="include\change_dialog.h">
      <Filter>Header Files</Filter>
    </ClInclude>
    <ClInclude Include="include\club_handler.h">
      <Filter>Header Files</Filter>
    </ClInclude>
    <ClInclude Include="include\club_stn_dlg.h">
      <Filter>Header Files</Filter>
    </ClInclude>
    <ClInclude Include="include\config.h">
      <Filter>Header Files</Filter>
    </ClInclude>
    <ClInclude Include="include\config_tree.h">
      <Filter>Header Files</Filter>
    </ClInclude>
    <ClInclude Include="include\contest_algorithm.h">
      <Filter>Header Files</Filter>
    </ClInclude>
    <ClInclude Include="include\contest_data.h">
      <Filter>Header Files</Filter>
    </ClInclude>
    <ClInclude Include="include\contest_dialog.h">
      <Filter>Header Files</Filter>
    </ClInclude>
    <ClInclude Include="include\contest_reader.h">
      <Filter>Header Files</Filter>
    </ClInclude>
    <ClInclude Include="include\contest_scorer.h">
      <Filter>Header Files</Filter>
    </ClInclude>
    <ClInclude Include="include\contest_writer.h">
      <Filter>Header Files</Filter>
    </ClInclude>
    <ClInclude Include="include\corr_dialog.h">
      <Filter>Header Files</Filter>
    </ClInclude>
    <ClInclude Include="include\cty_data.h">
      <Filter>Header Files</Filter>
    </ClInclude>
    <ClInclude Include="include\cty1_reader.h">
      <Filter>Header Files</Filter>
    </ClInclude>
    <ClInclude Include="include\dxcc_table.h">
      <Filter>Header Files</Filter>
    </ClInclude>
    <ClInclude Include="include\dxcc_view.h">
      <Filter>Header Files</Filter>
    </ClInclude>
    <ClInclude Include="include\eqsl_handler.h">
      <Filter>Header Files</Filter>
    </ClInclude>
    <ClInclude Include="include\extract_data.h">
      <Filter>Header Files</Filter>
    </ClInclude>
    <ClInclude Include="include\field_choice.h">
      <Filter>Header Files</Filter>
    </ClInclude>
    <ClInclude Include="include\fields.h">
      <Filter>Header Files</Filter>
    </ClInclude>
    <ClInclude Include="include\fields_dialog.h">
      <Filter>Header Files</Filter>
    </ClInclude>
    <ClInclude Include="include\file_viewer.h">
      <Filter>Header Files</Filter>
    </ClInclude>
    <ClInclude Include="include\files.h">
      <Filter>Header Files</Filter>
    </ClInclude>
    <ClInclude Include="include\fllog_emul.h">
      <Filter>Header Files</Filter>
    </ClInclude>
    <ClInclude Include="include\font_dialog.h">
      <Filter>Header Files</Filter>
    </ClInclude>
    <ClInclude Include="include\icons.h">
      <Filter>Header Files</Filter>
    </ClInclude>
    <ClInclude Include="include\import_data.h">
      <Filter>Header Files</Filter>
    </ClInclude>
    <ClInclude Include="include\intl_dialog.h">
      <Filter>Header Files</Filter>
    </ClInclude>
    <ClInclude Include="include\intl_widgets.h">
      <Filter>Header Files</Filter>
    </ClInclude>
    <ClInclude Include="include\log_table.h">
      <Filter>Header Files</Filter>
    </ClInclude>
    <ClInclude Include="include\logo.h">
      <Filter>Header Files</Filter>
    </ClInclude>
    <ClInclude Include="include\lotw_handler.h">
      <Filter>Header Files</Filter>
    </ClInclude>
    <ClInclude Include="include\main_window.h">
      <Filter>Header Files</Filter>
    </ClInclude>
    <ClInclude Include="include\menu.h">
      <Filter>Header Files</Filter>
    </ClInclude>
    <ClInclude Include="include\page_dialog.h">
      <Filter>Header Files</Filter>
    </ClInclude>
    <ClInclude Include="include\password_input.h">
      <Filter>Header Files</Filter>
    </ClInclude>
    <ClInclude Include="include\png_writer.h">
      <Filter>Header Files</Filter>
    </ClInclude>
    <ClInclude Include="include\printer.h">
      <Filter>Header Files</Filter>
    </ClInclude>
    <ClInclude Include="include\qrz_handler.h">
      <Filter>Header Files</Filter>
    </ClInclude>
    <ClInclude Include="include\qsl_data.h">
      <Filter>Header Files</Filter>
    </ClInclude>
    <ClInclude Include="include\qsl_dataset.h">
      <Filter>Header Files</Filter>
    </ClInclude>
    <ClInclude Include="include\qsl_display.h">
      <Filter>Header Files</Filter>
    </ClInclude>
    <ClInclude Include="include\qsl_editor.h">
      <Filter>Header Files</Filter>
    </ClInclude>
    <ClInclude Include="include\qsl_emailer.h">
      <Filter>Header Files</Filter>
    </ClInclude>
    <ClInclude Include="include\qsl_image.h">
      <Filter>Header Files</Filter>
    </ClInclude>
    <ClInclude Include="include\qsl_reader.h">
      <Filter>Header Files</Filter>
    </ClInclude>
    <ClInclude Include="include\qsl_widget.h">
      <Filter>Header Files</Filter>
    </ClInclude>
    <ClInclude Include="include\qsl_writer.h">
      <Filter>Header Files</Filter>
    </ClInclude>
    <ClInclude Include="include\qso_apps.h">
      <Filter>Header Files</Filter>
    </ClInclude>
    <ClInclude Include="include\qso_bands.h">
      <Filter>Header Files</Filter>
    </ClInclude>
    <ClInclude Include="include\qso_buttons.h">
      <Filter>Header Files</Filter>
    </ClInclude>
    <ClInclude Include="include\qso_clock.h">
      <Filter>Header Files</Filter>
    </ClInclude>
    <ClInclude Include="include\qso_clocks.h">
      <Filter>Header Files</Filter>
    </ClInclude>
    <ClInclude Include="include\qso_data.h">
      <Filter>Header Files</Filter>
    </ClInclude>
    <ClInclude Include="include\qso_details.h">
      <Filter>Header Files</Filter>
    </ClInclude>
    <ClInclude Include="include\qso_dxcc.h">
      <Filter>Header Files</Filter>
    </ClInclude>
    <ClInclude Include="include\qso_entry.h">
      <Filter>Header Files</Filter>
    </ClInclude>
    <ClInclude Include="include\qso_log.h">
      <Filter>Header Files</Filter>
    </ClInclude>
    <ClInclude Include="include\qso_log_info.h">
      <Filter>Header Files</Filter>
    </ClInclude>
    <ClInclude Include="include\qso_manager.h">
      <Filter>Header Files</Filter>
    </ClInclude>
    <ClInclude Include="include\qso_misc.h">
      <Filter>Header Files</Filter>
    </ClInclude>
    <ClInclude Include="include\qso_net_entry.h">
      <Filter>Header Files</Filter>
    </ClInclude>
    <ClInclude Include="include\qso_operation.h">
      <Filter>Header Files</Filter>
    </ClInclude>
    <ClInclude Include="include\qso_qsl.h">
      <Filter>Header Files</Filter>
    </ClInclude>
    <ClInclude Include="include\qso_qsl_vwr.h">
      <Filter>Header Files</Filter>
    </ClInclude>
    <ClInclude Include="include\qso_query.h">
      <Filter>Header Files</Filter>
    </ClInclude>
    <ClInclude Include="include\qso_rig.h">
      <Filter>Header Files</Filter>
    </ClInclude>
    <ClInclude Include="include\qso_tabbed_rigs.h">
      <Filter>Header Files</Filter>
    </ClInclude>
    <ClInclude Include="include\qso_wx.h">
      <Filter>Header Files</Filter>
    </ClInclude>
    <ClInclude Include="include\record.h">
      <Filter>Header Files</Filter>
    </ClInclude>
    <ClInclude Include="include\record_table.h">
      <Filter>Header Files</Filter>
    </ClInclude>
    <ClInclude Include="include\regices.h">
      <Filter>Header Files</Filter>
    </ClInclude>
    <ClInclude Include="include\report_tree.h">
      <Filter>Header Files</Filter>
    </ClInclude>
    <ClInclude Include="include\rig_data.h">
      <Filter>Header Files</Filter>
    </ClInclude>
    <ClInclude Include="include\rig_if.h">
      <Filter>Header Files</Filter>
    </ClInclude>
    <ClInclude Include="include\rig_reader.h">
      <Filter>Header Files</Filter>
    </ClInclude>
    <ClInclude Include="include\rig_writer.h">
      <Filter>Header Files</Filter>
    </ClInclude>
    <ClInclude Include="include\rpc_data_item.h">
      <Filter>Header Files</Filter>
    </ClInclude>
    <ClInclude Include="include\rpc_handler.h">
      <Filter>Header Files</Filter>
    </ClInclude>
    <ClInclude Include="include\search.h">
      <Filter>Header Files</Filter>
    </ClInclude>
    <ClInclude Include="include\search_dialog.h">
      <Filter>Header Files</Filter>
    </ClInclude>
    <ClInclude Include="include\serial.h">
      <Filter>Header Files</Filter>
    </ClInclude>
    <ClInclude Include="include\socket_server.h">
      <Filter>Header Files</Filter>
    </ClInclude>
    <ClInclude Include="include\spec_data.h">
      <Filter>Header Files</Filter>
    </ClInclude>
    <ClInclude Include="include\spec_tree.h">
      <Filter>Header Files</Filter>
    </ClInclude>
    <ClInclude Include="include\specx_reader.h">
      <Filter>Header Files</Filter>
    </ClInclude>
    <ClInclude Include="include\status.h">
      <Filter>Header Files</Filter>
    </ClInclude>
    <ClInclude Include="include\stn_data.h">
      <Filter>Header Files</Filter>
    </ClInclude>
    <ClInclude Include="include\stn_dialog.h">
      <Filter>Header Files</Filter>
    </ClInclude>
    <ClInclude Include="include\stn_reader.h">
      <Filter>Header Files</Filter>
    </ClInclude>
    <ClInclude Include="include\stn_writer.h">
      <Filter>Header Files</Filter>
    </ClInclude>
    <ClInclude Include="include\symbols.h">
      <Filter>Header Files</Filter>
    </ClInclude>
    <ClInclude Include="include\tabbed_forms.h">
      <Filter>Header Files</Filter>
    </ClInclude>
    <ClInclude Include="include\ticker.h">
      <Filter>Header Files</Filter>
    </ClInclude>
    <ClInclude Include="include\toolbar.h">
      <Filter>Header Files</Filter>
    </ClInclude>
    <ClInclude Include="include\url_handler.h">
      <Filter>Header Files</Filter>
    </ClInclude>
    <ClInclude Include="include\user_dialog.h">
      <Filter>Header Files</Filter>
    </ClInclude>
    <ClInclude Include="include\view.h">
      <Filter>Header Files</Filter>
    </ClInclude>
    <ClInclude Include="include\web_dialog.h">
      <Filter>Header Files</Filter>
    </ClInclude>
    <ClInclude Include="include\win_dialog.h">
      <Filter>Header Files</Filter>
    </ClInclude>
    <ClInclude Include="include\wsjtx_handler.h">
      <Filter>Header Files</Filter>
    </ClInclude>
    <ClInclude Include="include\wx_handler.h">
      <Filter>Header Files</Filter>
    </ClInclude>
    <ClInclude Include="include\xml_wreader.h">
      <Filter>Header Files</Filter>
    </ClInclude>
    <ClInclude Include="..\common\include\utils.h">
      <Filter>Header Files</Filter>
    </ClInclude>
    <ClInclude Include="..\common\include\xml_element.h">
      <Filter>Header Files</Filter>
    </ClInclude>
    <ClInclude Include="..\common\include\xml_reader.h">
      <Filter>Header Files</Filter>
    </ClInclude>
    <ClInclude Include="..\common\include\xml_writer.h">
      <Filter>Header Files</Filter>
    </ClInclude>
    <ClInclude Include="..\widgets\include\button_input.h">
      <Filter>Header Files</Filter>
    </ClInclude>
    <ClInclude Include="..\widgets\include\filename_input.h">
      <Filter>Header Files</Filter>
    </ClInclude>
    <ClInclude Include="include\cty2_reader.h">
      <Filter>Header Files</Filter>
    </ClInclude>
    <ClInclude Include="include\cty_element.h">
      <Filter>Header Files</Filter>
    </ClInclude>
    <ClInclude Include="include\cty3_reader.h">
      <Filter>Header Files</Filter>
    </ClInclude>
    <ClInclude Include="include\cty_dialog.h">
      <Filter>Header Files</Filter>
    </ClInclude>
    <ClInclude Include="include\timestamp.h">
      <Filter>Header Files</Filter>
    </ClInclude>
    <ClInclude Include="include\main.h">
      <Filter>Header Files</Filter>
    </ClInclude>
  </ItemGroup>
  <ItemGroup>
    <None Include="..\reference\Prefix.lst" />
    <None Include="Doxyfile" />
    <None Include="Makefile" />
    <None Include="userguide\application.dox" />
    <None Include="userguide\banner.dox" />
    <None Include="userguide\change_dialog.dox" />
    <None Include="userguide\config.dox" />
    <None Include="userguide\contest_scorer.dox" />
    <None Include="userguide\fields_dialog.dox" />
    <None Include="userguide\dxcc_view.dox" />
    <None Include="userguide\images\main_window.dox" />
    <None Include="userguide\images\qso_buttons.dox" />
    <None Include="userguide\images\toolbar.dox" />
    <None Include="userguide\index.dox" />
    <None Include="userguide\intl_dialog.dox" />
    <None Include="userguide\log_table.dox" />
    <None Include="userguide\main_window.dox" />
    <None Include="userguide\menu.dox" />
    <None Include="userguide\operating.dox" />
    <None Include="userguide\qsl_editor.dox" />
    <None Include="userguide\qso_apps.dox" />
    <None Include="userguide\qso_bands.dox" />
    <None Include="userguide\qso_buttons.dox" />
    <None Include="userguide\qso_clocks.dox" />
    <None Include="userguide\qso_details.dox" />
    <None Include="userguide\qso_entry.dox" />
    <None Include="userguide\qso_manager.dox" />
    <None Include="userguide\qso_net_entry.dox" />
    <None Include="userguide\qso_log_info.dox" />
    <None Include="userguide\qso_operation.dox" />
    <None Include="userguide\qso_dxcc.dox" />
    <None Include="userguide\qso_qsl.dox" />
    <None Include="userguide\qso_qsl_vwr.dox" />
    <None Include="userguide\qso_query.dox" />
    <None Include="userguide\qso_rig.dox" />
    <None Include="userguide\qso_wx.dox" />
    <None Include="userguide\quick_start.dox" />
    <None Include="userguide\report_tree.dox" />
    <None Include="userguide\search_dialog.dox" />
    <None Include="userguide\toolbar.dox" />
    <None Include="userguide\user_dialog.dox" />
    <None Include="userguide\web_dialog.dox" />
    <None Include="userguide\stn_dialog.dox" />
    <None Include="userguide\contest_dialog.dox" />
    <None Include="userguide\config_tree.dox" />
    <None Include="userguide\cli.dox" />
    <None Include="userguide\installation.dox" />
    <None Include="userguide\reference.dox" />
    <None Include="userguide\cty_dialog.dox" />
    <None Include="userguide\basic1.dox" />
    <None Include="userguide\basic2.dox" />
    <None Include="userguide\adding.dox" />
    <None Include="userguide\searching.dox" />
    <None Include="userguide\analysis.dox" />
    <None Include="userguide\new_rig.dox" />
    <None Include="userguide\new_app.dox" />
    <None Include="userguide\qsls.dox" />
    <None Include="userguide\local_data.dox" />
    <None Include="userguide\release_notes.dox" />
    <None Include="packages.config" />
  </ItemGroup>
  <ItemGroup>
    <Image Include="zzalog.ico">
      <Filter>Resource Files</Filter>
    </Image>
    <Image Include="rose.png">
      <Filter>Source Files</Filter>
    </Image>
  </ItemGroup>
  <ItemGroup>
    <ResourceCompile Include="zzalog.rc">
      <Filter>Resource Files</Filter>
    </ResourceCompile>
  </ItemGroup>
</Project>